{
  "schema_version": "2",
  "expected_name": "agent-rules-kit",
  "expected_version": "0.5.0",
  "expected_manifest_schema_version": "2",
  "expected_rules_schema_version": "4",
  "expected_skills_schema_version": "1",
  "expected_overlay_discovery_version": "2",
  "expected_companion_metadata_version": "3"
}
